
Microsoft Visual Studio Solution File, Format Version 12.00
# Visual Studio 2012
Project("{FAE04EC0-301F-11D3-BF4B-00C04F79EFBC}") = "PhotoToTweet", "PhotoToTweet\PhotoToTweet.csproj", "{FFEB0F39-994D-45C2-8CD0-63537D14D3F6}"
EndProject
Global
	GlobalSection(SolutionConfigurationPlatforms) = preSolution
		Debug|iPhoneSimulator = Debug|iPhoneSimulator
		Release|iPhoneSimulator = Release|iPhoneSimulator
		Debug|iPhone = Debug|iPhone
		Release|iPhone = Release|iPhone
		Ad-Hoc|iPhone = Ad-Hoc|iPhone
		AppStore|iPhone = AppStore|iPhone
	EndGlobalSection
	GlobalSection(ProjectConfigurationPlatforms) = postSolution
		{FFEB0F39-994D-45C2-8CD0-63537D14D3F6}.Ad-Hoc|iPhone.ActiveCfg = Ad-Hoc|iPhone
		{FFEB0F39-994D-45C2-8CD0-63537D14D3F6}.Ad-Hoc|iPhone.Build.0 = Ad-Hoc|iPhone
		{FFEB0F39-994D-45C2-8CD0-63537D14D3F6}.AppStore|iPhone.ActiveCfg = AppStore|iPhone
		{FFEB0F39-994D-45C2-8CD0-63537D14D3F6}.AppStore|iPhone.Build.0 = AppStore|iPhone
		{FFEB0F39-994D-45C2-8CD0-63537D14D3F6}.Debug|iPhone.ActiveCfg = Debug|iPhone
		{FFEB0F39-994D-45C2-8CD0-63537D14D3F6}.Debug|iPhone.Build.0 = Debug|iPhone
		{FFEB0F39-994D-45C2-8CD0-63537D14D3F6}.Debug|iPhoneSimulator.ActiveCfg = Debug|iPhoneSimulator
		{FFEB0F39-994D-45C2-8CD0-63537D14D3F6}.Debug|iPhoneSimulator.Build.0 = Debug|iPhoneSimulator
		{FFEB0F39-994D-45C2-8CD0-63537D14D3F6}.Release|iPhone.ActiveCfg = Release|iPhone
		{FFEB0F39-994D-45C2-8CD0-63537D14D3F6}.Release|iPhone.Build.0 = Release|iPhone
		{FFEB0F39-994D-45C2-8CD0-63537D14D3F6}.Release|iPhoneSimulator.ActiveCfg = Release|iPhoneSimulator
		{FFEB0F39-994D-45C2-8CD0-63537D14D3F6}.Release|iPhoneSimulator.Build.0 = Release|iPhoneSimulator
	EndGlobalSection
	GlobalSection(MonoDevelopProperties) = preSolution
		StartupItem = PhotoToTweet\PhotoToTweet.csproj
	EndGlobalSection
EndGlobal
